// !$*UTF8*$!
{
	archiveVersion = 1;
	classes = {
	};
	objectVersion = 77;
	objects = {

/* Begin PBXBuildFile section */
		97FA23ED304817DD00A48C8F /* README.md in Resources */ = {isa = PBXBuildFile; fileRef = 97FA23EC304817DD00A48C8F /* README.md */; };
		DA1100000000000000000001 /* DailyResetMonitor.appex in Embed App Extensions */ = {isa = PBXBuildFile; fileRef = DA1100000000000000000002 /* DailyResetMonitor.appex */; settings = {ATTRIBUTES = (RemoveHeadersOnCopy, ); }; };
/* End PBXBuildFile section */

/* Begin PBXContainerItemProxy section */
		97FA23D03046F68800A48C8F /* PBXContainerItemProxy */ = {
			isa = PBXContainerItemProxy;
			containerPortal = 97FA23B83046F68600A48C8F /* Project object */;
			proxyType = 1;
			remoteGlobalIDString = 97FA23BF3046F68600A48C8F;
			remoteInfo = "pushapp-blocker";
		};
		97FA23DA3046F68800A48C8F /* PBXContainerItemProxy */ = {
			isa = PBXContainerItemProxy;
			containerPortal = 97FA23B83046F68600A48C8F /* Project object */;
			proxyType = 1;
			remoteGlobalIDString = 97FA23BF3046F68600A48C8F;
			remoteInfo = "pushapp-blocker";
		};
		DA1100000000000000000003 /* PBXContainerItemProxy */ = {
			isa = PBXContainerItemProxy;
			containerPortal = 97FA23B83046F68600A48C8F /* Project object */;
			proxyType = 1;
			remoteGlobalIDString = DA1100000000000000000004;
			remoteInfo = DailyResetMonitor;
		};
/* End PBXContainerItemProxy section */

/* Begin PBXCopyFilesBuildPhase section */
		DA1100000000000000000005 /* Embed App Extensions */ = {
			isa = PBXCopyFilesBuildPhase;
			buildActionMask = 2147483647;
			dstPath = "";
			dstSubfolderSpec = 13;
			files = (
				DA1100000000000000000001 /* DailyResetMonitor.appex in Embed App Extensions */,
			);
			name = "Embed App Extensions";
			runOnlyForDeploymentPostprocessing = 0;
		};
/* End PBXCopyFilesBuildPhase section */

/* Begin PBXFileReference section */
		97FA23C03046F68600A48C8F /* pushapp-blocker.app */ = {isa = PBXFileReference; explicitFileType = wrapper.application; includeInIndex = 0; path = "pushapp-blocker.app"; sourceTree = BUILT_PRODUCTS_DIR; };
		97FA23CF3046F68800A48C8F /* pushapp-blockerTests.xctest */ = {isa = PBXFileReference; explicitFileType = wrapper.cfbundle; includeInIndex = 0; path = "pushapp-blockerTests.xctest"; sourceTree = BUILT_PRODUCTS_DIR; };
		97FA23D93046F68800A48C8F /* pushapp-blockerUITests.xctest */ = {isa = PBXFileReference; explicitFileType = wrapper.cfbundle; includeInIndex = 0; path = "pushapp-blockerUITests.xctest"; sourceTree = BUILT_PRODUCTS_DIR; };
		97FA23EC304817DD00A48C8F /* README.md */ = {isa = PBXFileReference; lastKnownFileType = net.daringfireball.markdown; path = README.md; sourceTree = "<group>"; };
		DA1100000000000000000002 /* DailyResetMonitor.appex */ = {isa = PBXFileReference; explicitFileType = "wrapper.app-extension"; includeInIndex = 0; path = DailyResetMonitor.appex; sourceTree = BUILT_PRODUCTS_DIR; };
/* End PBXFileReference section */

/* Begin PBXFileSystemSynchronizedBuildFileExceptionSet section */
		DA1100000000000000000006 /* Exceptions for "DailyResetMonitor" folder in "DailyResetMonitor" target */ = {
			isa = PBXFileSystemSynchronizedBuildFileExceptionSet;
			membershipExceptions = (
				Info.plist,
			);
			target = DA1100000000000000000004 /* DailyResetMonitor */;
		};
		DA1100000000000000000010 /* Exceptions for "pushapp-blocker" folder in "pushapp-blocker" target */ = {
			isa = PBXFileSystemSynchronizedBuildFileExceptionSet;
			membershipExceptions = (
				Features/BlockedApps/README.md,
			);
			target = 97FA23BF3046F68600A48C8F /* pushapp-blocker */;
		};
/* End PBXFileSystemSynchronizedBuildFileExceptionSet section */

/* Begin PBXFileSystemSynchronizedRootGroup section */
		97FA23C23046F68600A48C8F /* pushapp-blocker */ = {
			isa = PBXFileSystemSynchronizedRootGroup;
			exceptions = (
				DA1100000000000000000010 /* Exceptions for "pushapp-blocker" folder in "pushapp-blocker" target */,
			);
			path = "pushapp-blocker";
			sourceTree = "<group>";
		};
		97FA23D23046F68800A48C8F /* pushapp-blockerTests */ = {
			isa = PBXFileSystemSynchronizedRootGroup;
			path = "pushapp-blockerTests";
			sourceTree = "<group>";
		};
		97FA23DC3046F68800A48C8F /* pushapp-blockerUITests */ = {
			isa = PBXFileSystemSynchronizedRootGroup;
			path = "pushapp-blockerUITests";
			sourceTree = "<group>";
		};
		DA1100000000000000000007 /* DailyResetMonitor */ = {
			isa = PBXFileSystemSynchronizedRootGroup;
			exceptions = (
				DA1100000000000000000006 /* Exceptions for "DailyResetMonitor" folder in "DailyResetMonitor" target */,
			);
			path = DailyResetMonitor;
			sourceTree = "<group>";
		};
		DA1100000000000000000008 /* Shared */ = {
			isa = PBXFileSystemSynchronizedRootGroup;
			path = Shared;
			sourceTree = "<group>";
		};
/* End PBXFileSystemSynchronizedRootGroup section */

/* Begin PBXFrameworksBuildPhase section */
		97FA23BD3046F68600A48C8F /* Frameworks */ = {
			isa = PBXFrameworksBuildPhase;
			buildActionMask = 2147483647;
			files = (
			);
			runOnlyForDeploymentPostprocessing = 0;
		};
		97FA23CC3046F68800A48C8F /* Frameworks */ = {
			isa = PBXFrameworksBuildPhase;
			buildActionMask = 2147483647;
			files = (
			);
			runOnlyForDeploymentPostprocessing = 0;
		};
		97FA23D63046F68800A48C8F /* Frameworks */ = {
			isa = PBXFrameworksBuildPhase;
			buildActionMask = 2147483647;
			files = (
			);
			runOnlyForDeploymentPostprocessing = 0;
		};
		DA1100000000000000000009 /* Frameworks */ = {
			isa = PBXFrameworksBuildPhase;
			buildActionMask = 2147483647;
			files = (
			);
			runOnlyForDeploymentPostprocessing = 0;
		};
/* End PBXFrameworksBuildPhase section */

/* Begin PBXGroup section */
		97FA23B73046F68600A48C8F = {
			isa = PBXGroup;
			children = (
				97FA23EC304817DD00A48C8F /* README.md */,
				97FA23C23046F68600A48C8F /* pushapp-blocker */,
				DA1100000000000000000007 /* DailyResetMonitor */,
				DA1100000000000000000008 /* Shared */,
				97FA23D23046F68800A48C8F /* pushapp-blockerTests */,
				97FA23DC3046F68800A48C8F /* pushapp-blockerUITests */,
				97FA23C13046F68600A48C8F /* Products */,
			);
			sourceTree = "<group>";
		};
		97FA23C13046F68600A48C8F /* Products */ = {
			isa = PBXGroup;
			children = (
				97FA23C03046F68600A48C8F /* pushapp-blocker.app */,
				DA1100000000000000000002 /* DailyResetMonitor.appex */,
				97FA23CF3046F68800A48C8F /* pushapp-blockerTests.xctest */,
				97FA23D93046F68800A48C8F /* pushapp-blockerUITests.xctest */,
			);
			name = Products;
			sourceTree = "<group>";
		};
/* End PBXGroup section */

/* Begin PBXNativeTarget section */
		97FA23BF3046F68600A48C8F /* pushapp-blocker */ = {
			isa = PBXNativeTarget;
			buildConfigurationList = 97FA23E33046F68800A48C8F /* Build configuration list for PBXNativeTarget "pushapp-blocker" */;
			buildPhases = (
				97FA23BC3046F68600A48C8F /* Sources */,
				97FA23BD3046F68600A48C8F /* Frameworks */,
				97FA23BE3046F68600A48C8F /* Resources */,
				DA1100000000000000000005 /* Embed App Extensions */,
			);
			buildRules = (
			);
			dependencies = (
				DA110000000000000000000D /* PBXTargetDependency */,
			);
			fileSystemSynchronizedGroups = (
				97FA23C23046F68600A48C8F /* pushapp-blocker */,
				DA1100000000000000000008 /* Shared */,
			);
			name = "pushapp-blocker";
			packageProductDependencies = (
			);
			productName = "pushapp-blocker";
			productReference = 97FA23C03046F68600A48C8F /* pushapp-blocker.app */;
			productType = "com.apple.product-type.application";
		};
		97FA23CE3046F68800A48C8F /* pushapp-blockerTests */ = {
			isa = PBXNativeTarget;
			buildConfigurationList = 97FA23E63046F68800A48C8F /* Build configuration list for PBXNativeTarget "pushapp-blockerTests" */;
			buildPhases = (
				97FA23CB3046F68800A48C8F /* Sources */,
				97FA23CC3046F68800A48C8F /* Frameworks */,
				97FA23CD3046F68800A48C8F /* Resources */,
			);
			buildRules = (
			);
			dependencies = (
				97FA23D13046F68800A48C8F /* PBXTargetDependency */,
			);
			fileSystemSynchronizedGroups = (
				97FA23D23046F68800A48C8F /* pushapp-blockerTests */,
			);
			name = "pushapp-blockerTests";
			packageProductDependencies = (
			);
			productName = "pushapp-blockerTests";
			productReference = 97FA23CF3046F68800A48C8F /* pushapp-blockerTests.xctest */;
			productType = "com.apple.product-type.bundle.unit-test";
		};
		97FA23D83046F68800A48C8F /* pushapp-blockerUITests */ = {
			isa = PBXNativeTarget;
			buildConfigurationList = 97FA23E93046F68800A48C8F /* Build configuration list for PBXNativeTarget "pushapp-blockerUITests" */;
			buildPhases = (
				97FA23D53046F68800A48C8F /* Sources */,
				97FA23D63046F68800A48C8F /* Frameworks */,
				97FA23D73046F68800A48C8F /* Resources */,
			);
			buildRules = (
			);
			dependencies = (
				97FA23DB3046F68800A48C8F /* PBXTargetDependency */,
			);
			fileSystemSynchronizedGroups = (
				97FA23DC3046F68800A48C8F /* pushapp-blockerUITests */,
			);
			name = "pushapp-blockerUITests";
			packageProductDependencies = (
			);
			productName = "pushapp-blockerUITests";
			productReference = 97FA23D93046F68800A48C8F /* pushapp-blockerUITests.xctest */;
			productType = "com.apple.product-type.bundle.ui-testing";
		};
		DA1100000000000000000004 /* DailyResetMonitor */ = {
			isa = PBXNativeTarget;
			buildConfigurationList = DA110000000000000000000A /* Build configuration list for PBXNativeTarget "DailyResetMonitor" */;
			buildPhases = (
				DA110000000000000000000B /* Sources */,
				DA1100000000000000000009 /* Frameworks */,
				DA110000000000000000000C /* Resources */,
			);
			buildRules = (
			);
			dependencies = (
			);
			fileSystemSynchronizedGroups = (
				DA1100000000000000000007 /* DailyResetMonitor */,
				DA1100000000000000000008 /* Shared */,
			);
			name = DailyResetMonitor;
			packageProductDependencies = (
			);
			productName = DailyResetMonitor;
			productReference = DA1100000000000000000002 /* DailyResetMonitor.appex */;
			productType = "com.apple.product-type.app-extension";
		};
/* End PBXNativeTarget section */

/* Begin PBXProject section */
		97FA23B83046F68600A48C8F /* Project object */ = {
			isa = PBXProject;
			attributes = {
				BuildIndependentTargetsInParallel = 1;
				LastSwiftUpdateCheck = 2660;
				LastUpgradeCheck = 2660;
				TargetAttributes = {
					97FA23BF3046F68600A48C8F = {
						CreatedOnToolsVersion = 26.6;
						SystemCapabilities = {
							com.apple.ApplicationGroups.iOS = {
								enabled = 1;
							};
							com.apple.FamilyControls = {
								enabled = 1;
							};
						};
					};
					97FA23CE3046F68800A48C8F = {
						CreatedOnToolsVersion = 26.6;
						TestTargetID = 97FA23BF3046F68600A48C8F;
					};
					97FA23D83046F68800A48C8F = {
						CreatedOnToolsVersion = 26.6;
						TestTargetID = 97FA23BF3046F68600A48C8F;
					};
					DA1100000000000000000004 = {
						CreatedOnToolsVersion = 26.6;
						SystemCapabilities = {
							com.apple.ApplicationGroups.iOS = {
								enabled = 1;
							};
							com.apple.FamilyControls = {
								enabled = 1;
							};
						};
					};
				};
			};
			buildConfigurationList = 97FA23BB3046F68600A48C8F /* Build configuration list for PBXProject "pushapp-blocker" */;
			developmentRegion = en;
			hasScannedForEncodings = 0;
			knownRegions = (
				en,
				Base,
			);
			mainGroup = 97FA23B73046F68600A48C8F;
			minimizedProjectReferenceProxies = 1;
			preferredProjectObjectVersion = 77;
			productRefGroup = 97FA23C13046F68600A48C8F /* Products */;
			projectDirPath = "";
			projectRoot = "";
			targets = (
				DA1100000000000000000004 /* DailyResetMonitor */,
				97FA23BF3046F68600A48C8F /* pushapp-blocker */,
				97FA23CE3046F68800A48C8F /* pushapp-blockerTests */,
				97FA23D83046F68800A48C8F /* pushapp-blockerUITests */,
			);
		};
/* End PBXProject section */

/* Begin PBXResourcesBuildPhase section */
		97FA23BE3046F68600A48C8F /* Resources */ = {
			isa = PBXResourcesBuildPhase;
			buildActionMask = 2147483647;
			files = (
				97FA23ED304817DD00A48C8F /* README.md in Resources */,
			);
			runOnlyForDeploymentPostprocessing = 0;
		};
		97FA23CD3046F68800A48C8F /* Resources */ = {
			isa = PBXResourcesBuildPhase;
			buildActionMask = 2147483647;
			files = (
			);
			runOnlyForDeploymentPostprocessing = 0;
		};
		97FA23D73046F68800A48C8F /* Resources */ = {
			isa = PBXResourcesBuildPhase;
			buildActionMask = 2147483647;
			files = (
			);
			runOnlyForDeploymentPostprocessing = 0;
		};
		DA110000000000000000000C /* Resources */ = {
			isa = PBXResourcesBuildPhase;
			buildActionMask = 2147483647;
			files = (
			);
			runOnlyForDeploymentPostprocessing = 0;
		};
/* End PBXResourcesBuildPhase section */

/* Begin PBXSourcesBuildPhase section */
		97FA23BC3046F68600A48C8F /* Sources */ = {
			isa = PBXSourcesBuildPhase;
			buildActionMask = 2147483647;
			files = (
			);
			runOnlyForDeploymentPostprocessing = 0;
		};
		97FA23CB3046F68800A48C8F /* Sources */ = {
			isa = PBXSourcesBuildPhase;
			buildActionMask = 2147483647;
			files = (
			);
			runOnlyForDeploymentPostprocessing = 0;
		};
		97FA23D53046F68800A48C8F /* Sources */ = {
			isa = PBXSourcesBuildPhase;
			buildActionMask = 2147483647;
			files = (
			);
			runOnlyForDeploymentPostprocessing = 0;
		};
		DA110000000000000000000B /* Sources */ = {
			isa = PBXSourcesBuildPhase;
			buildActionMask = 2147483647;
			files = (
			);
			runOnlyForDeploymentPostprocessing = 0;
		};
/* End PBXSourcesBuildPhase section */

/* Begin PBXTargetDependency section */
		97FA23D13046F68800A48C8F /* PBXTargetDependency */ = {
			isa = PBXTargetDependency;
			target = 97FA23BF3046F68600A48C8F /* pushapp-blocker */;
			targetProxy = 97FA23D03046F68800A48C8F /* PBXContainerItemProxy */;
		};
		97FA23DB3046F68800A48C8F /* PBXTargetDependency */ = {
			isa = PBXTargetDependency;
			target = 97FA23BF3046F68600A48C8F /* pushapp-blocker */;
			targetProxy = 97FA23DA3046F68800A48C8F /* PBXContainerItemProxy */;
		};
		DA110000000000000000000D /* PBXTargetDependency */ = {
			isa = PBXTargetDependency;
			target = DA1100000000000000000004 /* DailyResetMonitor */;
			targetProxy = DA1100000000000000000003 /* PBXContainerItemProxy */;
		};
/* End PBXTargetDependency section */

/* Begin XCBuildConfiguration section */
		97FA23E13046F68800A48C8F /* Debug */ = {
			isa = XCBuildConfiguration;
			buildSettings = {
				ALWAYS_SEARCH_USER_PATHS = NO;
				ASSETCATALOG_COMPILER_GENERATE_SWIFT_ASSET_SYMBOL_EXTENSIONS = YES;
				CLANG_ANALYZER_NONNULL = YES;
				CLANG_ANALYZER_NUMBER_OBJECT_CONVERSION = YES_AGGRESSIVE;
				CLANG_CXX_LANGUAGE_STANDARD = "gnu++20";
				CLANG_ENABLE_MODULES = YES;
				CLANG_ENABLE_OBJC_ARC = YES;
				CLANG_ENABLE_OBJC_WEAK = YES;
				CLANG_WARN_BLOCK_CAPTURE_AUTORELEASING = YES;
				CLANG_WARN_BOOL_CONVERSION = YES;
				CLANG_WARN_COMMA = YES;
				CLANG_WARN_CONSTANT_CONVERSION = YES;
				CLANG_WARN_DEPRECATED_OBJC_IMPLEMENTATIONS = YES;
				CLANG_WARN_DIRECT_OBJC_ISA_USAGE = YES_ERROR;
				CLANG_WARN_DOCUMENTATION_COMMENTS = YES;
				CLANG_WARN_EMPTY_BODY = YES;
				CLANG_WARN_ENUM_CONVERSION = YES;
				CLANG_WARN_INFINITE_RECURSION = YES;
				CLANG_WARN_INT_CONVERSION = YES;
				CLANG_WARN_NON_LITERAL_NULL_CONVERSION = YES;
				CLANG_WARN_OBJC_IMPLICIT_RETAIN_SELF = YES;
				CLANG_WARN_OBJC_LITERAL_CONVERSION = YES;
				CLANG_WARN_OBJC_ROOT_CLASS = YES_ERROR;
				CLANG_WARN_QUOTED_INCLUDE_IN_FRAMEWORK_HEADER = YES;
				CLANG_WARN_RANGE_LOOP_ANALYSIS = YES;
				CLANG_WARN_STRICT_PROTOTYPES = YES;
				CLANG_WARN_SUSPICIOUS_MOVE = YES;
				CLANG_WARN_UNGUARDED_AVAILABILITY = YES_AGGRESSIVE;
				CLANG_WARN_UNREACHABLE_CODE = YES;
				CLANG_WARN__DUPLICATE_METHOD_MATCH = YES;
				COPY_PHASE_STRIP = NO;
				DEBUG_INFORMATION_FORMAT = dwarf;
				ENABLE_STRICT_OBJC_MSGSEND = YES;
				ENABLE_TESTABILITY = YES;
				ENABLE_USER_SCRIPT_SANDBOXING = YES;
				GCC_C_LANGUAGE_STANDARD = gnu17;
				GCC_DYNAMIC_NO_PIC = NO;
				GCC_NO_COMMON_BLOCKS = YES;
				GCC_OPTIMIZATION_LEVEL = 0;
				GCC_PREPROCESSOR_DEFINITIONS = (
					"DEBUG=1",
					"$(inherited)",
				);
				GCC_WARN_64_TO_32_BIT_CONVERSION = YES;
				GCC_WARN_ABOUT_RETURN_TYPE = YES_ERROR;
				GCC_WARN_UNDECLARED_SELECTOR = YES;
				GCC_WARN_UNINITIALIZED_AUTOS = YES_AGGRESSIVE;
				GCC_WARN_UNUSED_FUNCTION = YES;
				GCC_WARN_UNUSED_VARIABLE = YES;
				IPHONEOS_DEPLOYMENT_TARGET = 26.5;
				LOCALIZATION_PREFERS_STRING_CATALOGS = YES;
				MTL_ENABLE_DEBUG_INFO = INCLUDE_SOURCE;
				MTL_FAST_MATH = YES;
				ONLY_ACTIVE_ARCH = YES;
				SDKROOT = iphoneos;
				SWIFT_ACTIVE_COMPILATION_CONDITIONS = "DEBUG $(inherited)";
				SWIFT_OPTIMIZATION_LEVEL = "-Onone";
			};
			name = Debug;
		};
		97FA23E23046F68800A48C8F /* Release */ = {
			isa = XCBuildConfiguration;
			buildSettings = {
				ALWAYS_SEARCH_USER_PATHS = NO;
				ASSETCATALOG_COMPILER_GENERATE_SWIFT_ASSET_SYMBOL_EXTENSIONS = YES;
				CLANG_ANALYZER_NONNULL = YES;
				CLANG_ANALYZER_NUMBER_OBJECT_CONVERSION = YES_AGGRESSIVE;
				CLANG_CXX_LANGUAGE_STANDARD = "gnu++20";
				CLANG_ENABLE_MODULES = YES;
				CLANG_ENABLE_OBJC_ARC = YES;
				CLANG_ENABLE_OBJC_WEAK = YES;
				CLANG_WARN_BLOCK_CAPTURE_AUTORELEASING = YES;
				CLANG_WARN_BOOL_CONVERSION = YES;
				CLANG_WARN_COMMA = YES;
				CLANG_WARN_CONSTANT_CONVERSION = YES;
				CLANG_WARN_DEPRECATED_OBJC_IMPLEMENTATIONS = YES;
				CLANG_WARN_DIRECT_OBJC_ISA_USAGE = YES_ERROR;
				CLANG_WARN_DOCUMENTATION_COMMENTS = YES;
				CLANG_WARN_EMPTY_BODY = YES;
				CLANG_WARN_ENUM_CONVERSION = YES;
				CLANG_WARN_INFINITE_RECURSION = YES;
				CLANG_WARN_INT_CONVERSION = YES;
				CLANG_WARN_NON_LITERAL_NULL_CONVERSION = YES;
				CLANG_WARN_OBJC_IMPLICIT_RETAIN_SELF = YES;
				CLANG_WARN_OBJC_LITERAL_CONVERSION = YES;
				CLANG_WARN_OBJC_ROOT_CLASS = YES_ERROR;
				CLANG_WARN_QUOTED_INCLUDE_IN_FRAMEWORK_HEADER = YES;
				CLANG_WARN_RANGE_LOOP_ANALYSIS = YES;
				CLANG_WARN_STRICT_PROTOTYPES = YES;
				CLANG_WARN_SUSPICIOUS_MOVE = YES;
				CLANG_WARN_UNGUARDED_AVAILABILITY = YES_AGGRESSIVE;
				CLANG_WARN_UNREACHABLE_CODE = YES;
				CLANG_WARN__DUPLICATE_METHOD_MATCH = YES;
				COPY_PHASE_STRIP = NO;
				DEBUG_INFORMATION_FORMAT = "dwarf-with-dsym";
				ENABLE_NS_ASSERTIONS = NO;
				ENABLE_STRICT_OBJC_MSGSEND = YES;
				ENABLE_USER_SCRIPT_SANDBOXING = YES;
				GCC_C_LANGUAGE_STANDARD = gnu17;
				GCC_NO_COMMON_BLOCKS = YES;
				GCC_WARN_64_TO_32_BIT_CONVERSION = YES;
				GCC_WARN_ABOUT_RETURN_TYPE = YES_ERROR;
				GCC_WARN_UNDECLARED_SELECTOR = YES;
				GCC_WARN_UNINITIALIZED_AUTOS = YES_AGGRESSIVE;
				GCC_WARN_UNUSED_FUNCTION = YES;
				GCC_WARN_UNUSED_VARIABLE = YES;
				IPHONEOS_DEPLOYMENT_TARGET = 26.5;
				LOCALIZATION_PREFERS_STRING_CATALOGS = YES;
				MTL_ENABLE_DEBUG_INFO = NO;
				MTL_FAST_MATH = YES;
				SDKROOT = iphoneos;
				SWIFT_COMPILATION_MODE = wholemodule;
				VALIDATE_PRODUCT = YES;
			};
			name = Release;
		};
		97FA23E43046F68800A48C8F /* Debug */ = {
			isa = XCBuildConfiguration;
			buildSettings = {
				ASSETCATALOG_COMPILER_APPICON_NAME = AppIcon;
				ASSETCATALOG_COMPILER_GLOBAL_ACCENT_COLOR_NAME = AccentColor;
				CODE_SIGN_ENTITLEMENTS = "pushapp-blocker/pushapp-blocker.entitlements";
				CODE_SIGN_STYLE = Automatic;
				CURRENT_PROJECT_VERSION = 1;
				DEVELOPMENT_TEAM = K9FT2YTWMF;
				ENABLE_PREVIEWS = YES;
				GENERATE_INFOPLIST_FILE = YES;
				INFOPLIST_KEY_NSCameraUsageDescription = "Camera usage is needed to count the workout. ";
				INFOPLIST_KEY_UIApplicationSceneManifest_Generation = YES;
				INFOPLIST_KEY_UIApplicationSupportsIndirectInputEvents = YES;
				INFOPLIST_KEY_UILaunchScreen_Generation = YES;
				INFOPLIST_KEY_UISupportedInterfaceOrientations_iPad = "UIInterfaceOrientationPortrait UIInterfaceOrientationPortraitUpsideDown UIInterfaceOrientationLandscapeLeft UIInterfaceOrientationLandscapeRight";
				INFOPLIST_KEY_UISupportedInterfaceOrientations_iPhone = "UIInterfaceOrientationPortrait UIInterfaceOrientationLandscapeLeft UIInterfaceOrientationLandscapeRight";
				LD_RUNPATH_SEARCH_PATHS = (
					"$(inherited)",
					"@executable_path/Frameworks",
				);
				MARKETING_VERSION = 1.0;
				PRODUCT_BUNDLE_IDENTIFIER = "com.stepkurniawan.pushapp-blocker";
				PRODUCT_NAME = "$(TARGET_NAME)";
				STRING_CATALOG_GENERATE_SYMBOLS = YES;
				SWIFT_APPROACHABLE_CONCURRENCY = YES;
				SWIFT_DEFAULT_ACTOR_ISOLATION = MainActor;
				SWIFT_EMIT_LOC_STRINGS = YES;
				SWIFT_UPCOMING_FEATURE_MEMBER_IMPORT_VISIBILITY = YES;
				SWIFT_VERSION = 5.0;
				TARGETED_DEVICE_FAMILY = "1,2";
			};
			name = Debug;
		};
		97FA23E53046F68800A48C8F /* Release */ = {
			isa = XCBuildConfiguration;
			buildSettings = {
				ASSETCATALOG_COMPILER_APPICON_NAME = AppIcon;
				ASSETCATALOG_COMPILER_GLOBAL_ACCENT_COLOR_NAME = AccentColor;
				CODE_SIGN_ENTITLEMENTS = "pushapp-blocker/pushapp-blocker.entitlements";
				CODE_SIGN_STYLE = Automatic;
				CURRENT_PROJECT_VERSION = 1;
				DEVELOPMENT_TEAM = K9FT2YTWMF;
				ENABLE_PREVIEWS = YES;
				GENERATE_INFOPLIST_FILE = YES;
				INFOPLIST_KEY_NSCameraUsageDescription = "Camera usage is needed to count the workout. ";
				INFOPLIST_KEY_UIApplicationSceneManifest_Generation = YES;
				INFOPLIST_KEY_UIApplicationSupportsIndirectInputEvents = YES;
				INFOPLIST_KEY_UILaunchScreen_Generation = YES;
				INFOPLIST_KEY_UISupportedInterfaceOrientations_iPad = "UIInterfaceOrientationPortrait UIInterfaceOrientationPortraitUpsideDown UIInterfaceOrientationLandscapeLeft UIInterfaceOrientationLandscapeRight";
				INFOPLIST_KEY_UISupportedInterfaceOrientations_iPhone = "UIInterfaceOrientationPortrait UIInterfaceOrientationLandscapeLeft UIInterfaceOrientationLandscapeRight";
				LD_RUNPATH_SEARCH_PATHS = (
					"$(inherited)",
					"@executable_path/Frameworks",
				);
				MARKETING_VERSION = 1.0;
				PRODUCT_BUNDLE_IDENTIFIER = "com.stepkurniawan.pushapp-blocker";
				PRODUCT_NAME = "$(TARGET_NAME)";
				STRING_CATALOG_GENERATE_SYMBOLS = YES;
				SWIFT_APPROACHABLE_CONCURRENCY = YES;
				SWIFT_DEFAULT_ACTOR_ISOLATION = MainActor;
				SWIFT_EMIT_LOC_STRINGS = YES;
				SWIFT_UPCOMING_FEATURE_MEMBER_IMPORT_VISIBILITY = YES;
				SWIFT_VERSION = 5.0;
				TARGETED_DEVICE_FAMILY = "1,2";
			};
			name = Release;
		};
		97FA23E73046F68800A48C8F /* Debug */ = {
			isa = XCBuildConfiguration;
			buildSettings = {
				BUNDLE_LOADER = "$(TEST_HOST)";
				CODE_SIGN_STYLE = Automatic;
				CURRENT_PROJECT_VERSION = 1;
				GENERATE_INFOPLIST_FILE = YES;
				IPHONEOS_DEPLOYMENT_TARGET = 26.5;
				MARKETING_VERSION = 1.0;
				PRODUCT_BUNDLE_IDENTIFIER = "stepkurniawan.pushapp-blockerTests";
				PRODUCT_NAME = "$(TARGET_NAME)";
				STRING_CATALOG_GENERATE_SYMBOLS = NO;
				SWIFT_APPROACHABLE_CONCURRENCY = YES;
				SWIFT_EMIT_LOC_STRINGS = NO;
				SWIFT_UPCOMING_FEATURE_MEMBER_IMPORT_VISIBILITY = YES;
				SWIFT_VERSION = 5.0;
				TARGETED_DEVICE_FAMILY = "1,2";
				TEST_HOST = "$(BUILT_PRODUCTS_DIR)/pushapp-blocker.app/$(BUNDLE_EXECUTABLE_FOLDER_PATH)/pushapp-blocker";
			};
			name = Debug;
		};
		97FA23E83046F68800A48C8F /* Release */ = {
			isa = XCBuildConfiguration;
			buildSettings = {
				BUNDLE_LOADER = "$(TEST_HOST)";
				CODE_SIGN_STYLE = Automatic;
				CURRENT_PROJECT_VERSION = 1;
				GENERATE_INFOPLIST_FILE = YES;
				IPHONEOS_DEPLOYMENT_TARGET = 26.5;
				MARKETING_VERSION = 1.0;
				PRODUCT_BUNDLE_IDENTIFIER = "stepkurniawan.pushapp-blockerTests";
				PRODUCT_NAME = "$(TARGET_NAME)";
				STRING_CATALOG_GENERATE_SYMBOLS = NO;
				SWIFT_APPROACHABLE_CONCURRENCY = YES;
				SWIFT_EMIT_LOC_STRINGS = NO;
				SWIFT_UPCOMING_FEATURE_MEMBER_IMPORT_VISIBILITY = YES;
				SWIFT_VERSION = 5.0;
				TARGETED_DEVICE_FAMILY = "1,2";
				TEST_HOST = "$(BUILT_PRODUCTS_DIR)/pushapp-blocker.app/$(BUNDLE_EXECUTABLE_FOLDER_PATH)/pushapp-blocker";
			};
			name = Release;
		};
		97FA23EA3046F68800A48C8F /* Debug */ = {
			isa = XCBuildConfiguration;
			buildSettings = {
				CODE_SIGN_STYLE = Automatic;
				CURRENT_PROJECT_VERSION = 1;
				GENERATE_INFOPLIST_FILE = YES;
				MARKETING_VERSION = 1.0;
				PRODUCT_BUNDLE_IDENTIFIER = "stepkurniawan.pushapp-blockerUITests";
				PRODUCT_NAME = "$(TARGET_NAME)";
				STRING_CATALOG_GENERATE_SYMBOLS = NO;
				SWIFT_APPROACHABLE_CONCURRENCY = YES;
				SWIFT_EMIT_LOC_STRINGS = NO;
				SWIFT_UPCOMING_FEATURE_MEMBER_IMPORT_VISIBILITY = YES;
				SWIFT_VERSION = 5.0;
				TARGETED_DEVICE_FAMILY = "1,2";
				TEST_TARGET_NAME = "pushapp-blocker";
			};
			name = Debug;
		};
		97FA23EB3046F68800A48C8F /* Release */ = {
			isa = XCBuildConfiguration;
			buildSettings = {
				CODE_SIGN_STYLE = Automatic;
				CURRENT_PROJECT_VERSION = 1;
				GENERATE_INFOPLIST_FILE = YES;
				MARKETING_VERSION = 1.0;
				PRODUCT_BUNDLE_IDENTIFIER = "stepkurniawan.pushapp-blockerUITests";
				PRODUCT_NAME = "$(TARGET_NAME)";
				STRING_CATALOG_GENERATE_SYMBOLS = NO;
				SWIFT_APPROACHABLE_CONCURRENCY = YES;
				SWIFT_EMIT_LOC_STRINGS = NO;
				SWIFT_UPCOMING_FEATURE_MEMBER_IMPORT_VISIBILITY = YES;
				SWIFT_VERSION = 5.0;
				TARGETED_DEVICE_FAMILY = "1,2";
				TEST_TARGET_NAME = "pushapp-blocker";
			};
			name = Release;
		};
		DA110000000000000000000E /* Debug */ = {
			isa = XCBuildConfiguration;
			buildSettings = {
				APPLICATION_EXTENSION_API_ONLY = YES;
				CODE_SIGN_ENTITLEMENTS = DailyResetMonitor/DailyResetMonitor.entitlements;
				CODE_SIGN_STYLE = Automatic;
				CURRENT_PROJECT_VERSION = 1;
				DEVELOPMENT_TEAM = K9FT2YTWMF;
				GENERATE_INFOPLIST_FILE = YES;
				INFOPLIST_FILE = DailyResetMonitor/Info.plist;
				LD_RUNPATH_SEARCH_PATHS = (
					"$(inherited)",
					"@executable_path/Frameworks",
					"@executable_path/../../Frameworks",
				);
				MARKETING_VERSION = 1.0;
				PRODUCT_BUNDLE_IDENTIFIER = "com.stepkurniawan.pushapp-blocker.DailyResetMonitor";
				PRODUCT_NAME = "$(TARGET_NAME)";
				SKIP_INSTALL = YES;
				SWIFT_VERSION = 5.0;
				TARGETED_DEVICE_FAMILY = "1,2";
			};
			name = Debug;
		};
		DA110000000000000000000F /* Release */ = {
			isa = XCBuildConfiguration;
			buildSettings = {
				APPLICATION_EXTENSION_API_ONLY = YES;
				CODE_SIGN_ENTITLEMENTS = DailyResetMonitor/DailyResetMonitor.entitlements;
				CODE_SIGN_STYLE = Automatic;
				CURRENT_PROJECT_VERSION = 1;
				DEVELOPMENT_TEAM = K9FT2YTWMF;
				GENERATE_INFOPLIST_FILE = YES;
				INFOPLIST_FILE = DailyResetMonitor/Info.plist;
				LD_RUNPATH_SEARCH_PATHS = (
					"$(inherited)",
					"@executable_path/Frameworks",
					"@executable_path/../../Frameworks",
				);
				MARKETING_VERSION = 1.0;
				PRODUCT_BUNDLE_IDENTIFIER = "com.stepkurniawan.pushapp-blocker.DailyResetMonitor";
				PRODUCT_NAME = "$(TARGET_NAME)";
				SKIP_INSTALL = YES;
				SWIFT_VERSION = 5.0;
				TARGETED_DEVICE_FAMILY = "1,2";
			};
			name = Release;
		};
/* End XCBuildConfiguration section */

/* Begin XCConfigurationList section */
		97FA23BB3046F68600A48C8F /* Build configuration list for PBXProject "pushapp-blocker" */ = {
			isa = XCConfigurationList;
			buildConfigurations = (
				97FA23E13046F68800A48C8F /* Debug */,
				97FA23E23046F68800A48C8F /* Release */,
			);
			defaultConfigurationIsVisible = 0;
			defaultConfigurationName = Release;
		};
		97FA23E33046F68800A48C8F /* Build configuration list for PBXNativeTarget "pushapp-blocker" */ = {
			isa = XCConfigurationList;
			buildConfigurations = (
				97FA23E43046F68800A48C8F /* Debug */,
				97FA23E53046F68800A48C8F /* Release */,
			);
			defaultConfigurationIsVisible = 0;
			defaultConfigurationName = Release;
		};
		97FA23E63046F68800A48C8F /* Build configuration list for PBXNativeTarget "pushapp-blockerTests" */ = {
			isa = XCConfigurationList;
			buildConfigurations = (
				97FA23E73046F68800A48C8F /* Debug */,
				97FA23E83046F68800A48C8F /* Release */,
			);
			defaultConfigurationIsVisible = 0;
			defaultConfigurationName = Release;
		};
		97FA23E93046F68800A48C8F /* Build configuration list for PBXNativeTarget "pushapp-blockerUITests" */ = {
			isa = XCConfigurationList;
			buildConfigurations = (
				97FA23EA3046F68800A48C8F /* Debug */,
				97FA23EB3046F68800A48C8F /* Release */,
			);
			defaultConfigurationIsVisible = 0;
			defaultConfigurationName = Release;
		};
		DA110000000000000000000A /* Build configuration list for PBXNativeTarget "DailyResetMonitor" */ = {
			isa = XCConfigurationList;
			buildConfigurations = (
				DA110000000000000000000E /* Debug */,
				DA110000000000000000000F /* Release */,
			);
			defaultConfigurationIsVisible = 0;
			defaultConfigurationName = Release;
		};
/* End XCConfigurationList section */
	};
	rootObject = 97FA23B83046F68600A48C8F /* Project object */;
}
